
Microsoft Visual Studio Solution File, Format Version 12.00
# Visual Studio Version 17
VisualStudioVersion = 17.0.31903.59
MinimumVisualStudioVersion = 10.0.40219.1
Project("{2150E333-8FDC-42A3-9474-1A3956D46DE8}") = "src", "src", "{827E0CD3-B72D-47B6-A68D-7590B98EB39B}"
EndProject
Project("{FAE04EC0-301F-11D3-BF4B-00C04F79EFBC}") = "DocuCalendar.Domain", "src\DocuCalendar.Domain\DocuCalendar.Domain.csproj", "{2687FD19-D31B-4758-809A-1AA43CBBED18}"
EndProject
Project("{FAE04EC0-301F-11D3-BF4B-00C04F79EFBC}") = "DocuCalendar.Application", "src\DocuCalendar.Application\DocuCalendar.Application.csproj", "{268A8BDD-FCBA-4038-85A4-ECFF7D309448}"
EndProject
Project("{FAE04EC0-301F-11D3-BF4B-00C04F79EFBC}") = "DocuCalendar.Infrastructure", "src\DocuCalendar.Infrastructure\DocuCalendar.Infrastructure.csproj", "{56153193-24C8-4809-80F3-8E010A694293}"
EndProject
Project("{FAE04EC0-301F-11D3-BF4B-00C04F79EFBC}") = "DocuCalendar.WebApi", "src\DocuCalendar.WebApi\DocuCalendar.WebApi.csproj", "{05CDEAC5-3CCB-4F21-BF47-676EC3848BDA}"
EndProject
Project("{FAE04EC0-301F-11D3-BF4B-00C04F79EFBC}") = "DocuCalendar.Tests", "tests\DocuCalendar.Tests\DocuCalendar.Tests.csproj", "{89402F58-9855-4BEF-8F05-5D4BBDB7676F}"
EndProject
Global
	GlobalSection(SolutionConfigurationPlatforms) = preSolution
		Debug|Any CPU = Debug|Any CPU
		Debug|x64 = Debug|x64
		Debug|x86 = Debug|x86
		Release|Any CPU = Release|Any CPU
		Release|x64 = Release|x64
		Release|x86 = Release|x86
	EndGlobalSection
	GlobalSection(ProjectConfigurationPlatforms) = postSolution
		{2687FD19-D31B-4758-809A-1AA43CBBED18}.Debug|Any CPU.ActiveCfg = Debug|Any CPU
		{2687FD19-D31B-4758-809A-1AA43CBBED18}.Debug|Any CPU.Build.0 = Debug|Any CPU
		{2687FD19-D31B-4758-809A-1AA43CBBED18}.Debug|x64.ActiveCfg = Debug|Any CPU
		{2687FD19-D31B-4758-809A-1AA43CBBED18}.Debug|x64.Build.0 = Debug|Any CPU
		{2687FD19-D31B-4758-809A-1AA43CBBED18}.Debug|x86.ActiveCfg = Debug|Any CPU
		{2687FD19-D31B-4758-809A-1AA43CBBED18}.Debug|x86.Build.0 = Debug|Any CPU
		{2687FD19-D31B-4758-809A-1AA43CBBED18}.Release|Any CPU.ActiveCfg = Release|Any CPU
		{2687FD19-D31B-4758-809A-1AA43CBBED18}.Release|Any CPU.Build.0 = Release|Any CPU
		{2687FD19-D31B-4758-809A-1AA43CBBED18}.Release|x64.ActiveCfg = Release|Any CPU
		{2687FD19-D31B-4758-809A-1AA43CBBED18}.Release|x64.Build.0 = Release|Any CPU
		{2687FD19-D31B-4758-809A-1AA43CBBED18}.Release|x86.ActiveCfg = Release|Any CPU
		{2687FD19-D31B-4758-809A-1AA43CBBED18}.Release|x86.Build.0 = Release|Any CPU
		{268A8BDD-FCBA-4038-85A4-ECFF7D309448}.Debug|Any CPU.ActiveCfg = Debug|Any CPU
		{268A8BDD-FCBA-4038-85A4-ECFF7D309448}.Debug|Any CPU.Build.0 = Debug|Any CPU
		{268A8BDD-FCBA-4038-85A4-ECFF7D309448}.Debug|x64.ActiveCfg = Debug|Any CPU
		{268A8BDD-FCBA-4038-85A4-ECFF7D309448}.Debug|x64.Build.0 = Debug|Any CPU
		{268A8BDD-FCBA-4038-85A4-ECFF7D309448}.Debug|x86.ActiveCfg = Debug|Any CPU
		{268A8BDD-FCBA-4038-85A4-ECFF7D309448}.Debug|x86.Build.0 = Debug|Any CPU
		{268A8BDD-FCBA-4038-85A4-ECFF7D309448}.Release|Any CPU.ActiveCfg = Release|Any CPU
		{268A8BDD-FCBA-4038-85A4-ECFF7D309448}.Release|Any CPU.Build.0 = Release|Any CPU
		{268A8BDD-FCBA-4038-85A4-ECFF7D309448}.Release|x64.ActiveCfg = Release|Any CPU
		{268A8BDD-FCBA-4038-85A4-ECFF7D309448}.Release|x64.Build.0 = Release|Any CPU
		{268A8BDD-FCBA-4038-85A4-ECFF7D309448}.Release|x86.ActiveCfg = Release|Any CPU
		{268A8BDD-FCBA-4038-85A4-ECFF7D309448}.Release|x86.Build.0 = Release|Any CPU
		{56153193-24C8-4809-80F3-8E010A694293}.Debug|Any CPU.ActiveCfg = Debug|Any CPU
		{56153193-24C8-4809-80F3-8E010A694293}.Debug|Any CPU.Build.0 = Debug|Any CPU
		{56153193-24C8-4809-80F3-8E010A694293}.Debug|x64.ActiveCfg = Debug|Any CPU
		{56153193-24C8-4809-80F3-8E010A694293}.Debug|x64.Build.0 = Debug|Any CPU
		{56153193-24C8-4809-80F3-8E010A694293}.Debug|x86.ActiveCfg = Debug|Any CPU
		{56153193-24C8-4809-80F3-8E010A694293}.Debug|x86.Build.0 = Debug|Any CPU
		{56153193-24C8-4809-80F3-8E010A694293}.Release|Any CPU.ActiveCfg = Release|Any CPU
		{56153193-24C8-4809-80F3-8E010A694293}.Release|Any CPU.Build.0 = Release|Any CPU
		{56153193-24C8-4809-80F3-8E010A694293}.Release|x64.ActiveCfg = Release|Any CPU
		{56153193-24C8-4809-80F3-8E010A694293}.Release|x64.Build.0 = Release|Any CPU
		{56153193-24C8-4809-80F3-8E010A694293}.Release|x86.ActiveCfg = Release|Any CPU
		{56153193-24C8-4809-80F3-8E010A694293}.Release|x86.Build.0 = Release|Any CPU
		{05CDEAC5-3CCB-4F21-BF47-676EC3848BDA}.Debug|Any CPU.ActiveCfg = Debug|Any CPU
		{05CDEAC5-3CCB-4F21-BF47-676EC3848BDA}.Debug|Any CPU.Build.0 = Debug|Any CPU
		{05CDEAC5-3CCB-4F21-BF47-676EC3848BDA}.Debug|x64.ActiveCfg = Debug|Any CPU
		{05CDEAC5-3CCB-4F21-BF47-676EC3848BDA}.Debug|x64.Build.0 = Debug|Any CPU
		{05CDEAC5-3CCB-4F21-BF47-676EC3848BDA}.Debug|x86.ActiveCfg = Debug|Any CPU
		{05CDEAC5-3CCB-4F21-BF47-676EC3848BDA}.Debug|x86.Build.0 = Debug|Any CPU
		{05CDEAC5-3CCB-4F21-BF47-676EC3848BDA}.Release|Any CPU.ActiveCfg = Release|Any CPU
		{05CDEAC5-3CCB-4F21-BF47-676EC3848BDA}.Release|Any CPU.Build.0 = Release|Any CPU
		{05CDEAC5-3CCB-4F21-BF47-676EC3848BDA}.Release|x64.ActiveCfg = Release|Any CPU
		{05CDEAC5-3CCB-4F21-BF47-676EC3848BDA}.Release|x64.Build.0 = Release|Any CPU
		{05CDEAC5-3CCB-4F21-BF47-676EC3848BDA}.Release|x86.ActiveCfg = Release|Any CPU
		{05CDEAC5-3CCB-4F21-BF47-676EC3848BDA}.Release|x86.Build.0 = Release|Any CPU
		{89402F58-9855-4BEF-8F05-5D4BBDB7676F}.Debug|Any CPU.ActiveCfg = Debug|Any CPU
		{89402F58-9855-4BEF-8F05-5D4BBDB7676F}.Debug|Any CPU.Build.0 = Debug|Any CPU
		{89402F58-9855-4BEF-8F05-5D4BBDB7676F}.Debug|x64.ActiveCfg = Debug|Any CPU
		{89402F58-9855-4BEF-8F05-5D4BBDB7676F}.Debug|x64.Build.0 = Debug|Any CPU
		{89402F58-9855-4BEF-8F05-5D4BBDB7676F}.Debug|x86.ActiveCfg = Debug|Any CPU
		{89402F58-9855-4BEF-8F05-5D4BBDB7676F}.Debug|x86.Build.0 = Debug|Any CPU
		{89402F58-9855-4BEF-8F05-5D4BBDB7676F}.Release|Any CPU.ActiveCfg = Release|Any CPU
		{89402F58-9855-4BEF-8F05-5D4BBDB7676F}.Release|Any CPU.Build.0 = Release|Any CPU
		{89402F58-9855-4BEF-8F05-5D4BBDB7676F}.Release|x64.ActiveCfg = Release|Any CPU
		{89402F58-9855-4BEF-8F05-5D4BBDB7676F}.Release|x64.Build.0 = Release|Any CPU
		{89402F58-9855-4BEF-8F05-5D4BBDB7676F}.Release|x86.ActiveCfg = Release|Any CPU
		{89402F58-9855-4BEF-8F05-5D4BBDB7676F}.Release|x86.Build.0 = Release|Any CPU
	EndGlobalSection
	GlobalSection(SolutionProperties) = preSolution
		HideSolutionNode = FALSE
	EndGlobalSection
	GlobalSection(NestedProjects) = preSolution
		{2687FD19-D31B-4758-809A-1AA43CBBED18} = {827E0CD3-B72D-47B6-A68D-7590B98EB39B}
		{268A8BDD-FCBA-4038-85A4-ECFF7D309448} = {827E0CD3-B72D-47B6-A68D-7590B98EB39B}
		{56153193-24C8-4809-80F3-8E010A694293} = {827E0CD3-B72D-47B6-A68D-7590B98EB39B}
		{05CDEAC5-3CCB-4F21-BF47-676EC3848BDA} = {827E0CD3-B72D-47B6-A68D-7590B98EB39B}
		{89402F58-9855-4BEF-8F05-5D4BBDB7676F} = {827E0CD3-B72D-47B6-A68D-7590B98EB39B}
	EndGlobalSection
EndGlobal
